
Microsoft Visual Studio Solution File, Format Version 12.00
# Visual Studio 14
VisualStudioVersion = 14.0.25420.1
MinimumVisualStudioVersion = 10.0.40219.1
Project("{FAE04EC0-301F-11D3-BF4B-00C04F79EFBC}") = "Common.Framework.Core", "Common.Framework.Core\Common.Framework.Core.csproj", "{45E5354D-C8F5-4BF1-A495-7F4EFD598E77}"
EndProject
Project("{FAE04EC0-301F-11D3-BF4B-00C04F79EFBC}") = "Common.Framework.Data", "Common.Framework.Data\Common.Framework.Data.csproj", "{AD5E99A3-2A10-4E43-BDEF-ABDAE18B8FAB}"
EndProject
Project("{FAE04EC0-301F-11D3-BF4B-00C04F79EFBC}") = "Common.Framework.Utilities", "Common.Framework.Utilities\Common.Framework.Utilities.csproj", "{F2C90B13-9D2A-4CB6-88F7-6B8F10B0801C}"
EndProject
Project("{2150E333-8FDC-42A3-9474-1A3956D46DE8}") = "Shared", "Shared", "{AE0ADC2C-4187-4F04-B68D-E0FC9EE4769E}"
	ProjectSection(SolutionItems) = preProject
		..\Common.Shared.AssemblyInfo.cs = ..\Common.Shared.AssemblyInfo.cs
	EndProjectSection
EndProject
Project("{FAE04EC0-301F-11D3-BF4B-00C04F79EFBC}") = "Common.Framework.Network", "Common.Framework.Network\Common.Framework.Network.csproj", "{17F4D713-14B6-4C2C-821E-9195BC337FDF}"
EndProject
Project("{FAE04EC0-301F-11D3-BF4B-00C04F79EFBC}") = "Common.Framework", "Common.Framework\Common.Framework.csproj", "{94DDA921-B36C-446F-A1BD-A885B97E3D64}"
EndProject
Global
	GlobalSection(SolutionConfigurationPlatforms) = preSolution
		CI|Any CPU = CI|Any CPU
		Debug|Any CPU = Debug|Any CPU
		Release|Any CPU = Release|Any CPU
	EndGlobalSection
	GlobalSection(ProjectConfigurationPlatforms) = postSolution
		{45E5354D-C8F5-4BF1-A495-7F4EFD598E77}.CI|Any CPU.ActiveCfg = Debug|Any CPU
		{45E5354D-C8F5-4BF1-A495-7F4EFD598E77}.CI|Any CPU.Build.0 = Debug|Any CPU
		{45E5354D-C8F5-4BF1-A495-7F4EFD598E77}.Debug|Any CPU.ActiveCfg = Debug|Any CPU
		{45E5354D-C8F5-4BF1-A495-7F4EFD598E77}.Debug|Any CPU.Build.0 = Debug|Any CPU
		{45E5354D-C8F5-4BF1-A495-7F4EFD598E77}.Release|Any CPU.ActiveCfg = Release|Any CPU
		{45E5354D-C8F5-4BF1-A495-7F4EFD598E77}.Release|Any CPU.Build.0 = Release|Any CPU
		{AD5E99A3-2A10-4E43-BDEF-ABDAE18B8FAB}.CI|Any CPU.ActiveCfg = Debug|Any CPU
		{AD5E99A3-2A10-4E43-BDEF-ABDAE18B8FAB}.CI|Any CPU.Build.0 = Debug|Any CPU
		{AD5E99A3-2A10-4E43-BDEF-ABDAE18B8FAB}.Debug|Any CPU.ActiveCfg = Debug|Any CPU
		{AD5E99A3-2A10-4E43-BDEF-ABDAE18B8FAB}.Debug|Any CPU.Build.0 = Debug|Any CPU
		{AD5E99A3-2A10-4E43-BDEF-ABDAE18B8FAB}.Release|Any CPU.ActiveCfg = Release|Any CPU
		{AD5E99A3-2A10-4E43-BDEF-ABDAE18B8FAB}.Release|Any CPU.Build.0 = Release|Any CPU
		{F2C90B13-9D2A-4CB6-88F7-6B8F10B0801C}.CI|Any CPU.ActiveCfg = Debug|Any CPU
		{F2C90B13-9D2A-4CB6-88F7-6B8F10B0801C}.CI|Any CPU.Build.0 = Debug|Any CPU
		{F2C90B13-9D2A-4CB6-88F7-6B8F10B0801C}.Debug|Any CPU.ActiveCfg = Debug|Any CPU
		{F2C90B13-9D2A-4CB6-88F7-6B8F10B0801C}.Debug|Any CPU.Build.0 = Debug|Any CPU
		{F2C90B13-9D2A-4CB6-88F7-6B8F10B0801C}.Release|Any CPU.ActiveCfg = Release|Any CPU
		{F2C90B13-9D2A-4CB6-88F7-6B8F10B0801C}.Release|Any CPU.Build.0 = Release|Any CPU
		{17F4D713-14B6-4C2C-821E-9195BC337FDF}.CI|Any CPU.ActiveCfg = Debug|Any CPU
		{17F4D713-14B6-4C2C-821E-9195BC337FDF}.CI|Any CPU.Build.0 = Debug|Any CPU
		{17F4D713-14B6-4C2C-821E-9195BC337FDF}.Debug|Any CPU.ActiveCfg = Debug|Any CPU
		{17F4D713-14B6-4C2C-821E-9195BC337FDF}.Debug|Any CPU.Build.0 = Debug|Any CPU
		{17F4D713-14B6-4C2C-821E-9195BC337FDF}.Release|Any CPU.ActiveCfg = Release|Any CPU
		{17F4D713-14B6-4C2C-821E-9195BC337FDF}.Release|Any CPU.Build.0 = Release|Any CPU
		{94DDA921-B36C-446F-A1BD-A885B97E3D64}.CI|Any CPU.ActiveCfg = CI|Any CPU
		{94DDA921-B36C-446F-A1BD-A885B97E3D64}.CI|Any CPU.Build.0 = CI|Any CPU
		{94DDA921-B36C-446F-A1BD-A885B97E3D64}.Debug|Any CPU.ActiveCfg = Debug|Any CPU
		{94DDA921-B36C-446F-A1BD-A885B97E3D64}.Debug|Any CPU.Build.0 = Debug|Any CPU
		{94DDA921-B36C-446F-A1BD-A885B97E3D64}.Release|Any CPU.ActiveCfg = Release|Any CPU
		{94DDA921-B36C-446F-A1BD-A885B97E3D64}.Release|Any CPU.Build.0 = Release|Any CPU
	EndGlobalSection
	GlobalSection(SolutionProperties) = preSolution
		HideSolutionNode = FALSE
	EndGlobalSection
EndGlobal
