
Microsoft Visual Studio Solution File, Format Version 12.00
# Visual Studio 14
VisualStudioVersion = 14.0.25420.1
MinimumVisualStudioVersion = 10.0.40219.1
Project("{FAE04EC0-301F-11D3-BF4B-00C04F79EFBC}") = "Common.Automation", "Common.Automation\Common.Automation.csproj", "{AFE20E46-54C6-4BCB-AD2E-41E6C0A44522}"
EndProject
Project("{FAE04EC0-301F-11D3-BF4B-00C04F79EFBC}") = "Common.Automation.Bots", "Common.Automation.Bots\Common.Automation.Bots.csproj", "{673A28F6-6690-407E-B930-3F2428F90B0B}"
EndProject
Project("{FAE04EC0-301F-11D3-BF4B-00C04F79EFBC}") = "Common.Automation.Deployment", "Common.Automation.Deployment\Common.Automation.Deployment.csproj", "{D89ABE9B-FCE0-40B2-8708-F6429A5BB5D3}"
EndProject
Project("{2150E333-8FDC-42A3-9474-1A3956D46DE8}") = "Shared", "Shared", "{52607047-79E0-4825-B889-15A26C5115A0}"
	ProjectSection(SolutionItems) = preProject
		..\Common.Shared.AssemblyInfo.cs = ..\Common.Shared.AssemblyInfo.cs
	EndProjectSection
EndProject
Global
	GlobalSection(SolutionConfigurationPlatforms) = preSolution
		CI|Any CPU = CI|Any CPU
		Debug|Any CPU = Debug|Any CPU
		Release|Any CPU = Release|Any CPU
	EndGlobalSection
	GlobalSection(ProjectConfigurationPlatforms) = postSolution
		{AFE20E46-54C6-4BCB-AD2E-41E6C0A44522}.CI|Any CPU.ActiveCfg = CI|Any CPU
		{AFE20E46-54C6-4BCB-AD2E-41E6C0A44522}.CI|Any CPU.Build.0 = CI|Any CPU
		{AFE20E46-54C6-4BCB-AD2E-41E6C0A44522}.Debug|Any CPU.ActiveCfg = Debug|Any CPU
		{AFE20E46-54C6-4BCB-AD2E-41E6C0A44522}.Debug|Any CPU.Build.0 = Debug|Any CPU
		{AFE20E46-54C6-4BCB-AD2E-41E6C0A44522}.Release|Any CPU.ActiveCfg = Release|Any CPU
		{AFE20E46-54C6-4BCB-AD2E-41E6C0A44522}.Release|Any CPU.Build.0 = Release|Any CPU
		{673A28F6-6690-407E-B930-3F2428F90B0B}.CI|Any CPU.ActiveCfg = Debug|Any CPU
		{673A28F6-6690-407E-B930-3F2428F90B0B}.CI|Any CPU.Build.0 = Debug|Any CPU
		{673A28F6-6690-407E-B930-3F2428F90B0B}.Debug|Any CPU.ActiveCfg = Debug|Any CPU
		{673A28F6-6690-407E-B930-3F2428F90B0B}.Debug|Any CPU.Build.0 = Debug|Any CPU
		{673A28F6-6690-407E-B930-3F2428F90B0B}.Release|Any CPU.ActiveCfg = Release|Any CPU
		{673A28F6-6690-407E-B930-3F2428F90B0B}.Release|Any CPU.Build.0 = Release|Any CPU
		{D89ABE9B-FCE0-40B2-8708-F6429A5BB5D3}.CI|Any CPU.ActiveCfg = Debug|Any CPU
		{D89ABE9B-FCE0-40B2-8708-F6429A5BB5D3}.CI|Any CPU.Build.0 = Debug|Any CPU
		{D89ABE9B-FCE0-40B2-8708-F6429A5BB5D3}.Debug|Any CPU.ActiveCfg = Debug|Any CPU
		{D89ABE9B-FCE0-40B2-8708-F6429A5BB5D3}.Debug|Any CPU.Build.0 = Debug|Any CPU
		{D89ABE9B-FCE0-40B2-8708-F6429A5BB5D3}.Release|Any CPU.ActiveCfg = Release|Any CPU
		{D89ABE9B-FCE0-40B2-8708-F6429A5BB5D3}.Release|Any CPU.Build.0 = Release|Any CPU
	EndGlobalSection
	GlobalSection(SolutionProperties) = preSolution
		HideSolutionNode = FALSE
	EndGlobalSection
EndGlobal
